
Microsoft Visual Studio Solution File, Format Version 10.00
# Visual Studio 2008
Project("{FAE04EC0-301F-11D3-BF4B-00C04F79EFBC}") = "MainModule", "Yasc\MainModule.csproj", "{96247E76-8563-43B1-BD14-4CDD83EED508}"
EndProject
Project("{FAE04EC0-301F-11D3-BF4B-00C04F79EFBC}") = "UnitTests", "UnitTests\UnitTests.csproj", "{16A178B3-E2A8-45F4-B005-64F1321E6378}"
EndProject
Project("{2150E333-8FDC-42A3-9474-1A3956D46DE8}") = "Solution Items", "Solution Items", "{2B0F701A-77D7-4BA0-96E6-0CDDE27B8BE8}"
	ProjectSection(SolutionItems) = preProject
		LocalTestRun.testrunconfig = LocalTestRun.testrunconfig
		MainModule.vsmdi = MainModule.vsmdi
	EndProjectSection
EndProject
Global
	GlobalSection(TestCaseManagementSettings) = postSolution
		CategoryFile = MainModule.vsmdi
	EndGlobalSection
	GlobalSection(SolutionConfigurationPlatforms) = preSolution
		Debug|Any CPU = Debug|Any CPU
		Release|Any CPU = Release|Any CPU
	EndGlobalSection
	GlobalSection(ProjectConfigurationPlatforms) = postSolution
		{96247E76-8563-43B1-BD14-4CDD83EED508}.Debug|Any CPU.ActiveCfg = Debug|Any CPU
		{96247E76-8563-43B1-BD14-4CDD83EED508}.Debug|Any CPU.Build.0 = Debug|Any CPU
		{96247E76-8563-43B1-BD14-4CDD83EED508}.Release|Any CPU.ActiveCfg = Release|Any CPU
		{96247E76-8563-43B1-BD14-4CDD83EED508}.Release|Any CPU.Build.0 = Release|Any CPU
		{16A178B3-E2A8-45F4-B005-64F1321E6378}.Debug|Any CPU.ActiveCfg = Debug|Any CPU
		{16A178B3-E2A8-45F4-B005-64F1321E6378}.Debug|Any CPU.Build.0 = Debug|Any CPU
		{16A178B3-E2A8-45F4-B005-64F1321E6378}.Release|Any CPU.ActiveCfg = Release|Any CPU
		{16A178B3-E2A8-45F4-B005-64F1321E6378}.Release|Any CPU.Build.0 = Release|Any CPU
	EndGlobalSection
	GlobalSection(SolutionProperties) = preSolution
		HideSolutionNode = FALSE
	EndGlobalSection
EndGlobal
