
Microsoft Visual Studio Solution File, Format Version 10.00
# Visual Studio 2008
Project("{2150E333-8FDC-42A3-9474-1A3956D46DE8}") = "BoardControl", "BoardControl", "{BF9A9959-D517-4187-847E-C79DEEE6C018}"
EndProject
Project("{FAE04EC0-301F-11D3-BF4B-00C04F79EFBC}") = "UnitTests", "BoardControl\UnitTests\UnitTests.csproj", "{94F07960-A013-46AF-BCC3-6E55DD48989E}"
EndProject
Project("{FAE04EC0-301F-11D3-BF4B-00C04F79EFBC}") = "BoardControl", "BoardControl\BoardControl\BoardControl.csproj", "{E8497624-9F29-411B-A917-C2DE3A87661D}"
EndProject
Project("{FAE04EC0-301F-11D3-BF4B-00C04F79EFBC}") = "TestStand.ShogiBoard", "BoardControl\TestStand.ShogiBoard\TestStand.ShogiBoard.csproj", "{AABC1AF8-9B80-429A-9279-B99F30378FFD}"
EndProject
Project("{FAE04EC0-301F-11D3-BF4B-00C04F79EFBC}") = "RulesVisualization", "BoardControl\RulesVisualization\RulesVisualization.csproj", "{A3972558-F892-47C4-B46D-640DDFB4BAC8}"
EndProject
Project("{2150E333-8FDC-42A3-9474-1A3956D46DE8}") = "CommonUtils", "CommonUtils", "{36F64C01-1290-4FC1-A73E-172E6262633A}"
EndProject
Project("{FAE04EC0-301F-11D3-BF4B-00C04F79EFBC}") = "Yasc.Utils", "CommonUtils\Yasc.Utils\Yasc.Utils.csproj", "{20FCADD3-099D-4702-BBA1-AEB8C43EA920}"
EndProject
Project("{2150E333-8FDC-42A3-9474-1A3956D46DE8}") = "DotUsi", "DotUsi", "{10D3AF12-C29F-4446-BB70-38CAAF8C7ABB}"
EndProject
Project("{FAE04EC0-301F-11D3-BF4B-00C04F79EFBC}") = "DotUsi", "DotUsi\DotUsi\DotUsi.csproj", "{70532AD0-F1D5-4787-9E62-E06377C04CC4}"
EndProject
Project("{FAE04EC0-301F-11D3-BF4B-00C04F79EFBC}") = "UnitTests", "DotUsi\UnitTests\UnitTests.csproj", "{114925DB-6084-4A5A-9623-A79178085DBC}"
EndProject
Project("{FAE04EC0-301F-11D3-BF4B-00C04F79EFBC}") = "Echo", "DotUsi\Echo\Echo.csproj", "{EDEB9080-678C-48DA-9EA5-8E0644AED5A4}"
EndProject
Project("{2150E333-8FDC-42A3-9474-1A3956D46DE8}") = "MainModule", "MainModule", "{EBD322F5-53FF-4F8D-A64F-517F4FF6FC9C}"
EndProject
Project("{FAE04EC0-301F-11D3-BF4B-00C04F79EFBC}") = "MainModule", "MainModule\Yasc\MainModule.csproj", "{96247E76-8563-43B1-BD14-4CDD83EED508}"
EndProject
Project("{FAE04EC0-301F-11D3-BF4B-00C04F79EFBC}") = "UnitTests", "MainModule\UnitTests\UnitTests.csproj", "{16A178B3-E2A8-45F4-B005-64F1321E6378}"
EndProject
Project("{2150E333-8FDC-42A3-9474-1A3956D46DE8}") = "Solution Items", "Solution Items", "{4C26586C-D380-4F63-B061-2E6BD7759E33}"
	ProjectSection(SolutionItems) = preProject
		BoardControl\BoardControl.vsmdi = BoardControl\BoardControl.vsmdi
		BoardControl\LocalTestRun.testrunconfig = BoardControl\LocalTestRun.testrunconfig
		DotUsi\LocalTestRun.testrunconfig = DotUsi\LocalTestRun.testrunconfig
	EndProjectSection
EndProject
Global
	GlobalSection(SolutionConfigurationPlatforms) = preSolution
		Debug|Any CPU = Debug|Any CPU
		Release|Any CPU = Release|Any CPU
	EndGlobalSection
	GlobalSection(ProjectConfigurationPlatforms) = postSolution
		{94F07960-A013-46AF-BCC3-6E55DD48989E}.Debug|Any CPU.ActiveCfg = Debug|Any CPU
		{94F07960-A013-46AF-BCC3-6E55DD48989E}.Debug|Any CPU.Build.0 = Debug|Any CPU
		{94F07960-A013-46AF-BCC3-6E55DD48989E}.Release|Any CPU.ActiveCfg = Release|Any CPU
		{94F07960-A013-46AF-BCC3-6E55DD48989E}.Release|Any CPU.Build.0 = Release|Any CPU
		{E8497624-9F29-411B-A917-C2DE3A87661D}.Debug|Any CPU.ActiveCfg = Debug|Any CPU
		{E8497624-9F29-411B-A917-C2DE3A87661D}.Debug|Any CPU.Build.0 = Debug|Any CPU
		{E8497624-9F29-411B-A917-C2DE3A87661D}.Release|Any CPU.ActiveCfg = Release|Any CPU
		{E8497624-9F29-411B-A917-C2DE3A87661D}.Release|Any CPU.Build.0 = Release|Any CPU
		{AABC1AF8-9B80-429A-9279-B99F30378FFD}.Debug|Any CPU.ActiveCfg = Debug|Any CPU
		{AABC1AF8-9B80-429A-9279-B99F30378FFD}.Debug|Any CPU.Build.0 = Debug|Any CPU
		{AABC1AF8-9B80-429A-9279-B99F30378FFD}.Release|Any CPU.ActiveCfg = Release|Any CPU
		{AABC1AF8-9B80-429A-9279-B99F30378FFD}.Release|Any CPU.Build.0 = Release|Any CPU
		{A3972558-F892-47C4-B46D-640DDFB4BAC8}.Debug|Any CPU.ActiveCfg = Debug|Any CPU
		{A3972558-F892-47C4-B46D-640DDFB4BAC8}.Debug|Any CPU.Build.0 = Debug|Any CPU
		{A3972558-F892-47C4-B46D-640DDFB4BAC8}.Release|Any CPU.ActiveCfg = Release|Any CPU
		{A3972558-F892-47C4-B46D-640DDFB4BAC8}.Release|Any CPU.Build.0 = Release|Any CPU
		{20FCADD3-099D-4702-BBA1-AEB8C43EA920}.Debug|Any CPU.ActiveCfg = Debug|Any CPU
		{20FCADD3-099D-4702-BBA1-AEB8C43EA920}.Debug|Any CPU.Build.0 = Debug|Any CPU
		{20FCADD3-099D-4702-BBA1-AEB8C43EA920}.Release|Any CPU.ActiveCfg = Release|Any CPU
		{20FCADD3-099D-4702-BBA1-AEB8C43EA920}.Release|Any CPU.Build.0 = Release|Any CPU
		{70532AD0-F1D5-4787-9E62-E06377C04CC4}.Debug|Any CPU.ActiveCfg = Debug|Any CPU
		{70532AD0-F1D5-4787-9E62-E06377C04CC4}.Debug|Any CPU.Build.0 = Debug|Any CPU
		{70532AD0-F1D5-4787-9E62-E06377C04CC4}.Release|Any CPU.ActiveCfg = Release|Any CPU
		{70532AD0-F1D5-4787-9E62-E06377C04CC4}.Release|Any CPU.Build.0 = Release|Any CPU
		{114925DB-6084-4A5A-9623-A79178085DBC}.Debug|Any CPU.ActiveCfg = Debug|Any CPU
		{114925DB-6084-4A5A-9623-A79178085DBC}.Debug|Any CPU.Build.0 = Debug|Any CPU
		{114925DB-6084-4A5A-9623-A79178085DBC}.Release|Any CPU.ActiveCfg = Release|Any CPU
		{114925DB-6084-4A5A-9623-A79178085DBC}.Release|Any CPU.Build.0 = Release|Any CPU
		{EDEB9080-678C-48DA-9EA5-8E0644AED5A4}.Debug|Any CPU.ActiveCfg = Debug|Any CPU
		{EDEB9080-678C-48DA-9EA5-8E0644AED5A4}.Debug|Any CPU.Build.0 = Debug|Any CPU
		{EDEB9080-678C-48DA-9EA5-8E0644AED5A4}.Release|Any CPU.ActiveCfg = Release|Any CPU
		{EDEB9080-678C-48DA-9EA5-8E0644AED5A4}.Release|Any CPU.Build.0 = Release|Any CPU
		{96247E76-8563-43B1-BD14-4CDD83EED508}.Debug|Any CPU.ActiveCfg = Debug|Any CPU
		{96247E76-8563-43B1-BD14-4CDD83EED508}.Debug|Any CPU.Build.0 = Debug|Any CPU
		{96247E76-8563-43B1-BD14-4CDD83EED508}.Release|Any CPU.ActiveCfg = Release|Any CPU
		{96247E76-8563-43B1-BD14-4CDD83EED508}.Release|Any CPU.Build.0 = Release|Any CPU
		{16A178B3-E2A8-45F4-B005-64F1321E6378}.Debug|Any CPU.ActiveCfg = Debug|Any CPU
		{16A178B3-E2A8-45F4-B005-64F1321E6378}.Debug|Any CPU.Build.0 = Debug|Any CPU
		{16A178B3-E2A8-45F4-B005-64F1321E6378}.Release|Any CPU.ActiveCfg = Release|Any CPU
		{16A178B3-E2A8-45F4-B005-64F1321E6378}.Release|Any CPU.Build.0 = Release|Any CPU
	EndGlobalSection
	GlobalSection(SolutionProperties) = preSolution
		HideSolutionNode = FALSE
	EndGlobalSection
	GlobalSection(NestedProjects) = preSolution
		{94F07960-A013-46AF-BCC3-6E55DD48989E} = {BF9A9959-D517-4187-847E-C79DEEE6C018}
		{E8497624-9F29-411B-A917-C2DE3A87661D} = {BF9A9959-D517-4187-847E-C79DEEE6C018}
		{AABC1AF8-9B80-429A-9279-B99F30378FFD} = {BF9A9959-D517-4187-847E-C79DEEE6C018}
		{A3972558-F892-47C4-B46D-640DDFB4BAC8} = {BF9A9959-D517-4187-847E-C79DEEE6C018}
		{20FCADD3-099D-4702-BBA1-AEB8C43EA920} = {36F64C01-1290-4FC1-A73E-172E6262633A}
		{70532AD0-F1D5-4787-9E62-E06377C04CC4} = {10D3AF12-C29F-4446-BB70-38CAAF8C7ABB}
		{114925DB-6084-4A5A-9623-A79178085DBC} = {10D3AF12-C29F-4446-BB70-38CAAF8C7ABB}
		{EDEB9080-678C-48DA-9EA5-8E0644AED5A4} = {10D3AF12-C29F-4446-BB70-38CAAF8C7ABB}
		{96247E76-8563-43B1-BD14-4CDD83EED508} = {EBD322F5-53FF-4F8D-A64F-517F4FF6FC9C}
		{16A178B3-E2A8-45F4-B005-64F1321E6378} = {EBD322F5-53FF-4F8D-A64F-517F4FF6FC9C}
		{4C26586C-D380-4F63-B061-2E6BD7759E33} = {EBD322F5-53FF-4F8D-A64F-517F4FF6FC9C}
	EndGlobalSection
EndGlobal
