
Microsoft Visual Studio Solution File, Format Version 11.00
# Visual Studio 2010
Project("{2150E333-8FDC-42A3-9474-1A3956D46DE8}") = "CommonUtils", "CommonUtils", "{0E0A8FC1-E794-48BD-B573-F8D8EA1BD962}"
EndProject
Project("{2150E333-8FDC-42A3-9474-1A3956D46DE8}") = "ShogiCore", "ShogiCore", "{6299B820-D8E9-4BF0-9E89-AB4EC3096ADE}"
EndProject
Project("{FAE04EC0-301F-11D3-BF4B-00C04F79EFBC}") = "UnitTests", "ShogiCore\UnitTests\UnitTests.csproj", "{94F07960-A013-46AF-BCC3-6E55DD48989E}"
	ProjectSection(ProjectDependencies) = postProject
		{A3972558-F892-47C4-B46D-640DDFB4BAC8} = {A3972558-F892-47C4-B46D-640DDFB4BAC8}
	EndProjectSection
EndProject
Project("{2150E333-8FDC-42A3-9474-1A3956D46DE8}") = "DotUsi", "DotUsi", "{07FDC2AE-A771-45C6-9CB6-FF778729E805}"
EndProject
Project("{FAE04EC0-301F-11D3-BF4B-00C04F79EFBC}") = "DotUsi", "DotUsi\DotUsi\DotUsi.csproj", "{70532AD0-F1D5-4787-9E62-E06377C04CC4}"
EndProject
Project("{FAE04EC0-301F-11D3-BF4B-00C04F79EFBC}") = "UnitTests", "DotUsi\UnitTests\UnitTests.csproj", "{114925DB-6084-4A5A-9623-A79178085DBC}"
EndProject
Project("{FAE04EC0-301F-11D3-BF4B-00C04F79EFBC}") = "Echo", "DotUsi\Echo\Echo.csproj", "{EDEB9080-678C-48DA-9EA5-8E0644AED5A4}"
EndProject
Project("{2150E333-8FDC-42A3-9474-1A3956D46DE8}") = "Networking", "Networking", "{86A3C78F-03B7-43B5-AF20-9960EAFF4CEB}"
EndProject
Project("{FAE04EC0-301F-11D3-BF4B-00C04F79EFBC}") = "UnitTests", "Networking\UnitTests\UnitTests.csproj", "{36028E9A-5CF2-4378-A98E-79DA8C5CC426}"
EndProject
Project("{FAE04EC0-301F-11D3-BF4B-00C04F79EFBC}") = "Networking", "Networking\Networking\Networking.csproj", "{E8497624-9F29-411B-A917-C2DE3A87661E}"
	ProjectSection(ProjectDependencies) = postProject
		{FDF88DAA-6BED-41A1-A1AF-EE259D710C9A} = {FDF88DAA-6BED-41A1-A1AF-EE259D710C9A}
		{20FCADD3-099D-4702-BBA1-AEB8C43EA920} = {20FCADD3-099D-4702-BBA1-AEB8C43EA920}
	EndProjectSection
EndProject
Project("{2150E333-8FDC-42A3-9474-1A3956D46DE8}") = "BoardControl", "BoardControl", "{55C75980-A741-446C-BF5F-CCCE9F2F2FE5}"
EndProject
Project("{FAE04EC0-301F-11D3-BF4B-00C04F79EFBC}") = "UnitTests", "BoardControl\UnitTests\UnitTests.csproj", "{92CCEAAF-1144-4B4E-A338-2EFEF67C27E5}"
EndProject
Project("{FAE04EC0-301F-11D3-BF4B-00C04F79EFBC}") = "BoardControl", "BoardControl\BoardControl\BoardControl.csproj", "{543CD7CD-94C9-4D57-8C99-28E52DD60CA8}"
	ProjectSection(ProjectDependencies) = postProject
		{FDF88DAA-6BED-41A1-A1AF-EE259D710C9A} = {FDF88DAA-6BED-41A1-A1AF-EE259D710C9A}
		{20FCADD3-099D-4702-BBA1-AEB8C43EA920} = {20FCADD3-099D-4702-BBA1-AEB8C43EA920}
	EndProjectSection
EndProject
Project("{FAE04EC0-301F-11D3-BF4B-00C04F79EFBC}") = "TestStand.ShogiBoard", "BoardControl\TestStand.ShogiBoard\TestStand.ShogiBoard.csproj", "{AABC1AF8-9B80-429A-9279-B99F30378FFD}"
EndProject
Project("{FAE04EC0-301F-11D3-BF4B-00C04F79EFBC}") = "RulesVisualization", "BoardControl\RulesVisualization\RulesVisualization.csproj", "{A3972558-F892-47C4-B46D-640DDFB4BAC8}"
EndProject
Project("{FAE04EC0-301F-11D3-BF4B-00C04F79EFBC}") = "TestStand.BoardDiagram", "BoardControl\TestStand.BoardDiagram\TestStand.BoardDiagram.csproj", "{75AADB27-73F1-4DB5-96E5-714CB43FF5B4}"
EndProject
Project("{2150E333-8FDC-42A3-9474-1A3956D46DE8}") = "MainModule", "MainModule", "{ABAFEBEF-8859-44AF-9972-1F3C2126E261}"
EndProject
Project("{FAE04EC0-301F-11D3-BF4B-00C04F79EFBC}") = "UnitTests", "MainModule\UnitTests\UnitTests.csproj", "{16A178B3-E2A8-45F4-B005-64F1321E6378}"
EndProject
Project("{FAE04EC0-301F-11D3-BF4B-00C04F79EFBC}") = "TestStand.WelcomeView", "MainModule\TestStand.WelcomeView\TestStand.WelcomeView.csproj", "{9DF369E4-A5DC-467B-BF11-E596332F68D5}"
EndProject
Project("{FAE04EC0-301F-11D3-BF4B-00C04F79EFBC}") = "AutomationSpy", "MainModule\AutomationSpy\AutomationSpy.csproj", "{638652FC-7DA0-46EE-A742-01F97DF68B43}"
	ProjectSection(ProjectDependencies) = postProject
		{20FCADD3-099D-4702-BBA1-AEB8C43EA920} = {20FCADD3-099D-4702-BBA1-AEB8C43EA920}
	EndProjectSection
EndProject
Project("{FAE04EC0-301F-11D3-BF4B-00C04F79EFBC}") = "CommonUtils", "CommonUtils\CommonUtils\CommonUtils.csproj", "{20FCADD3-099D-4702-BBA1-AEB8C43EA920}"
EndProject
Project("{FAE04EC0-301F-11D3-BF4B-00C04F79EFBC}") = "UnitTests", "CommonUtils\UnitTests\UnitTests.csproj", "{3A828F88-AB4C-42A9-8D9D-4E400D04A38F}"
EndProject
Project("{FAE04EC0-301F-11D3-BF4B-00C04F79EFBC}") = "ShogiCore", "ShogiCore\ShogiCore\ShogiCore.csproj", "{FDF88DAA-6BED-41A1-A1AF-EE259D710C9A}"
	ProjectSection(ProjectDependencies) = postProject
		{20FCADD3-099D-4702-BBA1-AEB8C43EA920} = {20FCADD3-099D-4702-BBA1-AEB8C43EA920}
	EndProjectSection
EndProject
Project("{2150E333-8FDC-42A3-9474-1A3956D46DE8}") = "Solution Items", "Solution Items", "{1D7399A1-7AB6-4854-A9C0-B8BA2F85AA21}"
	ProjectSection(SolutionItems) = preProject
		Everything.vsmdi = Everything.vsmdi
		Local.testsettings = Local.testsettings
		TraceAndTestImpact.testsettings = TraceAndTestImpact.testsettings
	EndProjectSection
EndProject
Project("{F088123C-0E9E-452A-89E6-6BA2F21D5CAC}") = "Models", "Models\Models.modelproj", "{879934E3-471B-471C-8D25-E25F438F93A8}"
EndProject
Project("{FAE04EC0-301F-11D3-BF4B-00C04F79EFBC}") = "MainModule", "MainModule\MainModule\MainModule.csproj", "{DFDF38A0-E0DE-46F5-B38C-49EE3FB325C2}"
EndProject
Project("{FAE04EC0-301F-11D3-BF4B-00C04F79EFBC}") = "AutomationTests", "BoardControl\AutomationTests\AutomationTests.csproj", "{827C0D96-8647-4D96-9393-E27299309DFC}"
EndProject
Project("{FAE04EC0-301F-11D3-BF4B-00C04F79EFBC}") = "AutomationTests", "MainModule\AutomationTests\AutomationTests.csproj", "{FA6F18BA-5EC8-4CEC-9725-C99F917940B2}"
EndProject
Project("{54435603-DBB4-11D2-8724-00A0C9A8B90C}") = "Installer", "Installer\Installer.vdproj", "{E44E51B6-2F7E-4AD2-B25F-5C7178A490A1}"
EndProject
Project("{FAE04EC0-301F-11D3-BF4B-00C04F79EFBC}") = "SampleSkin", "SampleSkin\SampleSkin.csproj", "{24A89C00-9135-495D-924C-1617DD11DCB2}"
EndProject
Project("{FAE04EC0-301F-11D3-BF4B-00C04F79EFBC}") = "BoardViewer", "BoardControl\BoardViewer\BoardViewer.csproj", "{789B7D65-386C-494D-8E8C-0E433A93A4AC}"
EndProject
Global
	GlobalSection(TestCaseManagementSettings) = postSolution
		CategoryFile = Everything.vsmdi
	EndGlobalSection
	GlobalSection(SolutionConfigurationPlatforms) = preSolution
		Debug|Any CPU = Debug|Any CPU
		Debug|Mixed Platforms = Debug|Mixed Platforms
		Debug|x86 = Debug|x86
		Release|Any CPU = Release|Any CPU
		Release|Mixed Platforms = Release|Mixed Platforms
		Release|x86 = Release|x86
	EndGlobalSection
	GlobalSection(ProjectConfigurationPlatforms) = postSolution
		{94F07960-A013-46AF-BCC3-6E55DD48989E}.Debug|Any CPU.ActiveCfg = Debug|Any CPU
		{94F07960-A013-46AF-BCC3-6E55DD48989E}.Debug|Any CPU.Build.0 = Debug|Any CPU
		{94F07960-A013-46AF-BCC3-6E55DD48989E}.Debug|Mixed Platforms.ActiveCfg = Debug|Any CPU
		{94F07960-A013-46AF-BCC3-6E55DD48989E}.Debug|Mixed Platforms.Build.0 = Debug|Any CPU
		{94F07960-A013-46AF-BCC3-6E55DD48989E}.Debug|x86.ActiveCfg = Debug|Any CPU
		{94F07960-A013-46AF-BCC3-6E55DD48989E}.Release|Any CPU.ActiveCfg = Release|Any CPU
		{94F07960-A013-46AF-BCC3-6E55DD48989E}.Release|Any CPU.Build.0 = Release|Any CPU
		{94F07960-A013-46AF-BCC3-6E55DD48989E}.Release|Mixed Platforms.ActiveCfg = Release|Any CPU
		{94F07960-A013-46AF-BCC3-6E55DD48989E}.Release|Mixed Platforms.Build.0 = Release|Any CPU
		{94F07960-A013-46AF-BCC3-6E55DD48989E}.Release|x86.ActiveCfg = Release|Any CPU
		{70532AD0-F1D5-4787-9E62-E06377C04CC4}.Debug|Any CPU.ActiveCfg = Debug|Any CPU
		{70532AD0-F1D5-4787-9E62-E06377C04CC4}.Debug|Any CPU.Build.0 = Debug|Any CPU
		{70532AD0-F1D5-4787-9E62-E06377C04CC4}.Debug|Mixed Platforms.ActiveCfg = Debug|Any CPU
		{70532AD0-F1D5-4787-9E62-E06377C04CC4}.Debug|Mixed Platforms.Build.0 = Debug|Any CPU
		{70532AD0-F1D5-4787-9E62-E06377C04CC4}.Debug|x86.ActiveCfg = Debug|Any CPU
		{70532AD0-F1D5-4787-9E62-E06377C04CC4}.Release|Any CPU.ActiveCfg = Release|Any CPU
		{70532AD0-F1D5-4787-9E62-E06377C04CC4}.Release|Any CPU.Build.0 = Release|Any CPU
		{70532AD0-F1D5-4787-9E62-E06377C04CC4}.Release|Mixed Platforms.ActiveCfg = Release|Any CPU
		{70532AD0-F1D5-4787-9E62-E06377C04CC4}.Release|Mixed Platforms.Build.0 = Release|Any CPU
		{70532AD0-F1D5-4787-9E62-E06377C04CC4}.Release|x86.ActiveCfg = Release|Any CPU
		{114925DB-6084-4A5A-9623-A79178085DBC}.Debug|Any CPU.ActiveCfg = Debug|Any CPU
		{114925DB-6084-4A5A-9623-A79178085DBC}.Debug|Any CPU.Build.0 = Debug|Any CPU
		{114925DB-6084-4A5A-9623-A79178085DBC}.Debug|Mixed Platforms.ActiveCfg = Debug|Any CPU
		{114925DB-6084-4A5A-9623-A79178085DBC}.Debug|Mixed Platforms.Build.0 = Debug|Any CPU
		{114925DB-6084-4A5A-9623-A79178085DBC}.Debug|x86.ActiveCfg = Debug|Any CPU
		{114925DB-6084-4A5A-9623-A79178085DBC}.Release|Any CPU.ActiveCfg = Release|Any CPU
		{114925DB-6084-4A5A-9623-A79178085DBC}.Release|Any CPU.Build.0 = Release|Any CPU
		{114925DB-6084-4A5A-9623-A79178085DBC}.Release|Mixed Platforms.ActiveCfg = Release|Any CPU
		{114925DB-6084-4A5A-9623-A79178085DBC}.Release|Mixed Platforms.Build.0 = Release|Any CPU
		{114925DB-6084-4A5A-9623-A79178085DBC}.Release|x86.ActiveCfg = Release|Any CPU
		{EDEB9080-678C-48DA-9EA5-8E0644AED5A4}.Debug|Any CPU.ActiveCfg = Debug|Any CPU
		{EDEB9080-678C-48DA-9EA5-8E0644AED5A4}.Debug|Any CPU.Build.0 = Debug|Any CPU
		{EDEB9080-678C-48DA-9EA5-8E0644AED5A4}.Debug|Mixed Platforms.ActiveCfg = Debug|Any CPU
		{EDEB9080-678C-48DA-9EA5-8E0644AED5A4}.Debug|Mixed Platforms.Build.0 = Debug|Any CPU
		{EDEB9080-678C-48DA-9EA5-8E0644AED5A4}.Debug|x86.ActiveCfg = Debug|Any CPU
		{EDEB9080-678C-48DA-9EA5-8E0644AED5A4}.Release|Any CPU.ActiveCfg = Release|Any CPU
		{EDEB9080-678C-48DA-9EA5-8E0644AED5A4}.Release|Any CPU.Build.0 = Release|Any CPU
		{EDEB9080-678C-48DA-9EA5-8E0644AED5A4}.Release|Mixed Platforms.ActiveCfg = Release|Any CPU
		{EDEB9080-678C-48DA-9EA5-8E0644AED5A4}.Release|Mixed Platforms.Build.0 = Release|Any CPU
		{EDEB9080-678C-48DA-9EA5-8E0644AED5A4}.Release|x86.ActiveCfg = Release|Any CPU
		{36028E9A-5CF2-4378-A98E-79DA8C5CC426}.Debug|Any CPU.ActiveCfg = Debug|Any CPU
		{36028E9A-5CF2-4378-A98E-79DA8C5CC426}.Debug|Any CPU.Build.0 = Debug|Any CPU
		{36028E9A-5CF2-4378-A98E-79DA8C5CC426}.Debug|Mixed Platforms.ActiveCfg = Debug|Any CPU
		{36028E9A-5CF2-4378-A98E-79DA8C5CC426}.Debug|Mixed Platforms.Build.0 = Debug|Any CPU
		{36028E9A-5CF2-4378-A98E-79DA8C5CC426}.Debug|x86.ActiveCfg = Debug|Any CPU
		{36028E9A-5CF2-4378-A98E-79DA8C5CC426}.Release|Any CPU.ActiveCfg = Release|Any CPU
		{36028E9A-5CF2-4378-A98E-79DA8C5CC426}.Release|Any CPU.Build.0 = Release|Any CPU
		{36028E9A-5CF2-4378-A98E-79DA8C5CC426}.Release|Mixed Platforms.ActiveCfg = Release|Any CPU
		{36028E9A-5CF2-4378-A98E-79DA8C5CC426}.Release|Mixed Platforms.Build.0 = Release|Any CPU
		{36028E9A-5CF2-4378-A98E-79DA8C5CC426}.Release|x86.ActiveCfg = Release|Any CPU
		{E8497624-9F29-411B-A917-C2DE3A87661E}.Debug|Any CPU.ActiveCfg = Debug|Any CPU
		{E8497624-9F29-411B-A917-C2DE3A87661E}.Debug|Any CPU.Build.0 = Debug|Any CPU
		{E8497624-9F29-411B-A917-C2DE3A87661E}.Debug|Mixed Platforms.ActiveCfg = Debug|Any CPU
		{E8497624-9F29-411B-A917-C2DE3A87661E}.Debug|Mixed Platforms.Build.0 = Debug|Any CPU
		{E8497624-9F29-411B-A917-C2DE3A87661E}.Debug|x86.ActiveCfg = Debug|Any CPU
		{E8497624-9F29-411B-A917-C2DE3A87661E}.Release|Any CPU.ActiveCfg = Release|Any CPU
		{E8497624-9F29-411B-A917-C2DE3A87661E}.Release|Any CPU.Build.0 = Release|Any CPU
		{E8497624-9F29-411B-A917-C2DE3A87661E}.Release|Mixed Platforms.ActiveCfg = Release|Any CPU
		{E8497624-9F29-411B-A917-C2DE3A87661E}.Release|Mixed Platforms.Build.0 = Release|Any CPU
		{E8497624-9F29-411B-A917-C2DE3A87661E}.Release|x86.ActiveCfg = Release|Any CPU
		{92CCEAAF-1144-4B4E-A338-2EFEF67C27E5}.Debug|Any CPU.ActiveCfg = Debug|Any CPU
		{92CCEAAF-1144-4B4E-A338-2EFEF67C27E5}.Debug|Any CPU.Build.0 = Debug|Any CPU
		{92CCEAAF-1144-4B4E-A338-2EFEF67C27E5}.Debug|Mixed Platforms.ActiveCfg = Debug|Any CPU
		{92CCEAAF-1144-4B4E-A338-2EFEF67C27E5}.Debug|Mixed Platforms.Build.0 = Debug|Any CPU
		{92CCEAAF-1144-4B4E-A338-2EFEF67C27E5}.Debug|x86.ActiveCfg = Debug|Any CPU
		{92CCEAAF-1144-4B4E-A338-2EFEF67C27E5}.Release|Any CPU.ActiveCfg = Release|Any CPU
		{92CCEAAF-1144-4B4E-A338-2EFEF67C27E5}.Release|Any CPU.Build.0 = Release|Any CPU
		{92CCEAAF-1144-4B4E-A338-2EFEF67C27E5}.Release|Mixed Platforms.ActiveCfg = Release|Any CPU
		{92CCEAAF-1144-4B4E-A338-2EFEF67C27E5}.Release|Mixed Platforms.Build.0 = Release|Any CPU
		{92CCEAAF-1144-4B4E-A338-2EFEF67C27E5}.Release|x86.ActiveCfg = Release|Any CPU
		{543CD7CD-94C9-4D57-8C99-28E52DD60CA8}.Debug|Any CPU.ActiveCfg = Debug|Any CPU
		{543CD7CD-94C9-4D57-8C99-28E52DD60CA8}.Debug|Any CPU.Build.0 = Debug|Any CPU
		{543CD7CD-94C9-4D57-8C99-28E52DD60CA8}.Debug|Mixed Platforms.ActiveCfg = Debug|Any CPU
		{543CD7CD-94C9-4D57-8C99-28E52DD60CA8}.Debug|Mixed Platforms.Build.0 = Debug|Any CPU
		{543CD7CD-94C9-4D57-8C99-28E52DD60CA8}.Debug|x86.ActiveCfg = Debug|Any CPU
		{543CD7CD-94C9-4D57-8C99-28E52DD60CA8}.Release|Any CPU.ActiveCfg = Release|Any CPU
		{543CD7CD-94C9-4D57-8C99-28E52DD60CA8}.Release|Any CPU.Build.0 = Release|Any CPU
		{543CD7CD-94C9-4D57-8C99-28E52DD60CA8}.Release|Mixed Platforms.ActiveCfg = Release|Any CPU
		{543CD7CD-94C9-4D57-8C99-28E52DD60CA8}.Release|Mixed Platforms.Build.0 = Release|Any CPU
		{543CD7CD-94C9-4D57-8C99-28E52DD60CA8}.Release|x86.ActiveCfg = Release|Any CPU
		{AABC1AF8-9B80-429A-9279-B99F30378FFD}.Debug|Any CPU.ActiveCfg = Debug|Any CPU
		{AABC1AF8-9B80-429A-9279-B99F30378FFD}.Debug|Any CPU.Build.0 = Debug|Any CPU
		{AABC1AF8-9B80-429A-9279-B99F30378FFD}.Debug|Mixed Platforms.ActiveCfg = Debug|Any CPU
		{AABC1AF8-9B80-429A-9279-B99F30378FFD}.Debug|Mixed Platforms.Build.0 = Debug|Any CPU
		{AABC1AF8-9B80-429A-9279-B99F30378FFD}.Debug|x86.ActiveCfg = Debug|Any CPU
		{AABC1AF8-9B80-429A-9279-B99F30378FFD}.Release|Any CPU.ActiveCfg = Release|Any CPU
		{AABC1AF8-9B80-429A-9279-B99F30378FFD}.Release|Any CPU.Build.0 = Release|Any CPU
		{AABC1AF8-9B80-429A-9279-B99F30378FFD}.Release|Mixed Platforms.ActiveCfg = Release|Any CPU
		{AABC1AF8-9B80-429A-9279-B99F30378FFD}.Release|Mixed Platforms.Build.0 = Release|Any CPU
		{AABC1AF8-9B80-429A-9279-B99F30378FFD}.Release|x86.ActiveCfg = Release|Any CPU
		{A3972558-F892-47C4-B46D-640DDFB4BAC8}.Debug|Any CPU.ActiveCfg = Debug|Any CPU
		{A3972558-F892-47C4-B46D-640DDFB4BAC8}.Debug|Any CPU.Build.0 = Debug|Any CPU
		{A3972558-F892-47C4-B46D-640DDFB4BAC8}.Debug|Mixed Platforms.ActiveCfg = Debug|Any CPU
		{A3972558-F892-47C4-B46D-640DDFB4BAC8}.Debug|Mixed Platforms.Build.0 = Debug|Any CPU
		{A3972558-F892-47C4-B46D-640DDFB4BAC8}.Debug|x86.ActiveCfg = Debug|Any CPU
		{A3972558-F892-47C4-B46D-640DDFB4BAC8}.Release|Any CPU.ActiveCfg = Release|Any CPU
		{A3972558-F892-47C4-B46D-640DDFB4BAC8}.Release|Any CPU.Build.0 = Release|Any CPU
		{A3972558-F892-47C4-B46D-640DDFB4BAC8}.Release|Mixed Platforms.ActiveCfg = Release|Any CPU
		{A3972558-F892-47C4-B46D-640DDFB4BAC8}.Release|Mixed Platforms.Build.0 = Release|Any CPU
		{A3972558-F892-47C4-B46D-640DDFB4BAC8}.Release|x86.ActiveCfg = Release|Any CPU
		{75AADB27-73F1-4DB5-96E5-714CB43FF5B4}.Debug|Any CPU.ActiveCfg = Debug|Any CPU
		{75AADB27-73F1-4DB5-96E5-714CB43FF5B4}.Debug|Any CPU.Build.0 = Debug|Any CPU
		{75AADB27-73F1-4DB5-96E5-714CB43FF5B4}.Debug|Mixed Platforms.ActiveCfg = Debug|Any CPU
		{75AADB27-73F1-4DB5-96E5-714CB43FF5B4}.Debug|Mixed Platforms.Build.0 = Debug|Any CPU
		{75AADB27-73F1-4DB5-96E5-714CB43FF5B4}.Debug|x86.ActiveCfg = Debug|Any CPU
		{75AADB27-73F1-4DB5-96E5-714CB43FF5B4}.Release|Any CPU.ActiveCfg = Release|Any CPU
		{75AADB27-73F1-4DB5-96E5-714CB43FF5B4}.Release|Any CPU.Build.0 = Release|Any CPU
		{75AADB27-73F1-4DB5-96E5-714CB43FF5B4}.Release|Mixed Platforms.ActiveCfg = Release|Any CPU
		{75AADB27-73F1-4DB5-96E5-714CB43FF5B4}.Release|Mixed Platforms.Build.0 = Release|Any CPU
		{75AADB27-73F1-4DB5-96E5-714CB43FF5B4}.Release|x86.ActiveCfg = Release|Any CPU
		{16A178B3-E2A8-45F4-B005-64F1321E6378}.Debug|Any CPU.ActiveCfg = Debug|Any CPU
		{16A178B3-E2A8-45F4-B005-64F1321E6378}.Debug|Any CPU.Build.0 = Debug|Any CPU
		{16A178B3-E2A8-45F4-B005-64F1321E6378}.Debug|Mixed Platforms.ActiveCfg = Debug|Any CPU
		{16A178B3-E2A8-45F4-B005-64F1321E6378}.Debug|Mixed Platforms.Build.0 = Debug|Any CPU
		{16A178B3-E2A8-45F4-B005-64F1321E6378}.Debug|x86.ActiveCfg = Debug|Any CPU
		{16A178B3-E2A8-45F4-B005-64F1321E6378}.Release|Any CPU.ActiveCfg = Release|Any CPU
		{16A178B3-E2A8-45F4-B005-64F1321E6378}.Release|Any CPU.Build.0 = Release|Any CPU
		{16A178B3-E2A8-45F4-B005-64F1321E6378}.Release|Mixed Platforms.ActiveCfg = Release|Any CPU
		{16A178B3-E2A8-45F4-B005-64F1321E6378}.Release|Mixed Platforms.Build.0 = Release|Any CPU
		{16A178B3-E2A8-45F4-B005-64F1321E6378}.Release|x86.ActiveCfg = Release|Any CPU
		{9DF369E4-A5DC-467B-BF11-E596332F68D5}.Debug|Any CPU.ActiveCfg = Debug|Any CPU
		{9DF369E4-A5DC-467B-BF11-E596332F68D5}.Debug|Any CPU.Build.0 = Debug|Any CPU
		{9DF369E4-A5DC-467B-BF11-E596332F68D5}.Debug|Mixed Platforms.ActiveCfg = Debug|Any CPU
		{9DF369E4-A5DC-467B-BF11-E596332F68D5}.Debug|Mixed Platforms.Build.0 = Debug|Any CPU
		{9DF369E4-A5DC-467B-BF11-E596332F68D5}.Debug|x86.ActiveCfg = Debug|Any CPU
		{9DF369E4-A5DC-467B-BF11-E596332F68D5}.Release|Any CPU.ActiveCfg = Release|Any CPU
		{9DF369E4-A5DC-467B-BF11-E596332F68D5}.Release|Any CPU.Build.0 = Release|Any CPU
		{9DF369E4-A5DC-467B-BF11-E596332F68D5}.Release|Mixed Platforms.ActiveCfg = Release|Any CPU
		{9DF369E4-A5DC-467B-BF11-E596332F68D5}.Release|Mixed Platforms.Build.0 = Release|Any CPU
		{9DF369E4-A5DC-467B-BF11-E596332F68D5}.Release|x86.ActiveCfg = Release|Any CPU
		{638652FC-7DA0-46EE-A742-01F97DF68B43}.Debug|Any CPU.ActiveCfg = Debug|Any CPU
		{638652FC-7DA0-46EE-A742-01F97DF68B43}.Debug|Any CPU.Build.0 = Debug|Any CPU
		{638652FC-7DA0-46EE-A742-01F97DF68B43}.Debug|Mixed Platforms.ActiveCfg = Debug|Any CPU
		{638652FC-7DA0-46EE-A742-01F97DF68B43}.Debug|Mixed Platforms.Build.0 = Debug|Any CPU
		{638652FC-7DA0-46EE-A742-01F97DF68B43}.Debug|x86.ActiveCfg = Debug|Any CPU
		{638652FC-7DA0-46EE-A742-01F97DF68B43}.Release|Any CPU.ActiveCfg = Release|Any CPU
		{638652FC-7DA0-46EE-A742-01F97DF68B43}.Release|Any CPU.Build.0 = Release|Any CPU
		{638652FC-7DA0-46EE-A742-01F97DF68B43}.Release|Mixed Platforms.ActiveCfg = Release|Any CPU
		{638652FC-7DA0-46EE-A742-01F97DF68B43}.Release|Mixed Platforms.Build.0 = Release|Any CPU
		{638652FC-7DA0-46EE-A742-01F97DF68B43}.Release|x86.ActiveCfg = Release|Any CPU
		{20FCADD3-099D-4702-BBA1-AEB8C43EA920}.Debug|Any CPU.ActiveCfg = Debug|Any CPU
		{20FCADD3-099D-4702-BBA1-AEB8C43EA920}.Debug|Any CPU.Build.0 = Debug|Any CPU
		{20FCADD3-099D-4702-BBA1-AEB8C43EA920}.Debug|Mixed Platforms.ActiveCfg = Debug|Any CPU
		{20FCADD3-099D-4702-BBA1-AEB8C43EA920}.Debug|Mixed Platforms.Build.0 = Debug|Any CPU
		{20FCADD3-099D-4702-BBA1-AEB8C43EA920}.Debug|x86.ActiveCfg = Debug|Any CPU
		{20FCADD3-099D-4702-BBA1-AEB8C43EA920}.Release|Any CPU.ActiveCfg = Release|Any CPU
		{20FCADD3-099D-4702-BBA1-AEB8C43EA920}.Release|Any CPU.Build.0 = Release|Any CPU
		{20FCADD3-099D-4702-BBA1-AEB8C43EA920}.Release|Mixed Platforms.ActiveCfg = Release|Any CPU
		{20FCADD3-099D-4702-BBA1-AEB8C43EA920}.Release|Mixed Platforms.Build.0 = Release|Any CPU
		{20FCADD3-099D-4702-BBA1-AEB8C43EA920}.Release|x86.ActiveCfg = Release|Any CPU
		{3A828F88-AB4C-42A9-8D9D-4E400D04A38F}.Debug|Any CPU.ActiveCfg = Debug|Any CPU
		{3A828F88-AB4C-42A9-8D9D-4E400D04A38F}.Debug|Any CPU.Build.0 = Debug|Any CPU
		{3A828F88-AB4C-42A9-8D9D-4E400D04A38F}.Debug|Mixed Platforms.ActiveCfg = Debug|Any CPU
		{3A828F88-AB4C-42A9-8D9D-4E400D04A38F}.Debug|Mixed Platforms.Build.0 = Debug|Any CPU
		{3A828F88-AB4C-42A9-8D9D-4E400D04A38F}.Debug|x86.ActiveCfg = Debug|Any CPU
		{3A828F88-AB4C-42A9-8D9D-4E400D04A38F}.Release|Any CPU.ActiveCfg = Release|Any CPU
		{3A828F88-AB4C-42A9-8D9D-4E400D04A38F}.Release|Any CPU.Build.0 = Release|Any CPU
		{3A828F88-AB4C-42A9-8D9D-4E400D04A38F}.Release|Mixed Platforms.ActiveCfg = Release|Any CPU
		{3A828F88-AB4C-42A9-8D9D-4E400D04A38F}.Release|Mixed Platforms.Build.0 = Release|Any CPU
		{3A828F88-AB4C-42A9-8D9D-4E400D04A38F}.Release|x86.ActiveCfg = Release|Any CPU
		{FDF88DAA-6BED-41A1-A1AF-EE259D710C9A}.Debug|Any CPU.ActiveCfg = Debug|Any CPU
		{FDF88DAA-6BED-41A1-A1AF-EE259D710C9A}.Debug|Any CPU.Build.0 = Debug|Any CPU
		{FDF88DAA-6BED-41A1-A1AF-EE259D710C9A}.Debug|Mixed Platforms.ActiveCfg = Debug|Any CPU
		{FDF88DAA-6BED-41A1-A1AF-EE259D710C9A}.Debug|Mixed Platforms.Build.0 = Debug|Any CPU
		{FDF88DAA-6BED-41A1-A1AF-EE259D710C9A}.Debug|x86.ActiveCfg = Debug|Any CPU
		{FDF88DAA-6BED-41A1-A1AF-EE259D710C9A}.Release|Any CPU.ActiveCfg = Release|Any CPU
		{FDF88DAA-6BED-41A1-A1AF-EE259D710C9A}.Release|Any CPU.Build.0 = Release|Any CPU
		{FDF88DAA-6BED-41A1-A1AF-EE259D710C9A}.Release|Mixed Platforms.ActiveCfg = Release|Any CPU
		{FDF88DAA-6BED-41A1-A1AF-EE259D710C9A}.Release|Mixed Platforms.Build.0 = Release|Any CPU
		{FDF88DAA-6BED-41A1-A1AF-EE259D710C9A}.Release|x86.ActiveCfg = Release|Any CPU
		{879934E3-471B-471C-8D25-E25F438F93A8}.Debug|Any CPU.ActiveCfg = Debug|Any CPU
		{879934E3-471B-471C-8D25-E25F438F93A8}.Debug|Any CPU.Build.0 = Debug|Any CPU
		{879934E3-471B-471C-8D25-E25F438F93A8}.Debug|Mixed Platforms.ActiveCfg = Debug|Any CPU
		{879934E3-471B-471C-8D25-E25F438F93A8}.Debug|Mixed Platforms.Build.0 = Debug|Any CPU
		{879934E3-471B-471C-8D25-E25F438F93A8}.Debug|x86.ActiveCfg = Debug|Any CPU
		{879934E3-471B-471C-8D25-E25F438F93A8}.Release|Any CPU.ActiveCfg = Release|Any CPU
		{879934E3-471B-471C-8D25-E25F438F93A8}.Release|Any CPU.Build.0 = Release|Any CPU
		{879934E3-471B-471C-8D25-E25F438F93A8}.Release|Mixed Platforms.ActiveCfg = Release|Any CPU
		{879934E3-471B-471C-8D25-E25F438F93A8}.Release|Mixed Platforms.Build.0 = Release|Any CPU
		{879934E3-471B-471C-8D25-E25F438F93A8}.Release|x86.ActiveCfg = Release|Any CPU
		{DFDF38A0-E0DE-46F5-B38C-49EE3FB325C2}.Debug|Any CPU.ActiveCfg = Debug|Any CPU
		{DFDF38A0-E0DE-46F5-B38C-49EE3FB325C2}.Debug|Any CPU.Build.0 = Debug|Any CPU
		{DFDF38A0-E0DE-46F5-B38C-49EE3FB325C2}.Debug|Mixed Platforms.ActiveCfg = Debug|Any CPU
		{DFDF38A0-E0DE-46F5-B38C-49EE3FB325C2}.Debug|Mixed Platforms.Build.0 = Debug|Any CPU
		{DFDF38A0-E0DE-46F5-B38C-49EE3FB325C2}.Debug|x86.ActiveCfg = Debug|Any CPU
		{DFDF38A0-E0DE-46F5-B38C-49EE3FB325C2}.Release|Any CPU.ActiveCfg = Release|Any CPU
		{DFDF38A0-E0DE-46F5-B38C-49EE3FB325C2}.Release|Any CPU.Build.0 = Release|Any CPU
		{DFDF38A0-E0DE-46F5-B38C-49EE3FB325C2}.Release|Mixed Platforms.ActiveCfg = Release|Any CPU
		{DFDF38A0-E0DE-46F5-B38C-49EE3FB325C2}.Release|Mixed Platforms.Build.0 = Release|Any CPU
		{DFDF38A0-E0DE-46F5-B38C-49EE3FB325C2}.Release|x86.ActiveCfg = Release|Any CPU
		{827C0D96-8647-4D96-9393-E27299309DFC}.Debug|Any CPU.ActiveCfg = Debug|Any CPU
		{827C0D96-8647-4D96-9393-E27299309DFC}.Debug|Any CPU.Build.0 = Debug|Any CPU
		{827C0D96-8647-4D96-9393-E27299309DFC}.Debug|Mixed Platforms.ActiveCfg = Debug|Any CPU
		{827C0D96-8647-4D96-9393-E27299309DFC}.Debug|Mixed Platforms.Build.0 = Debug|Any CPU
		{827C0D96-8647-4D96-9393-E27299309DFC}.Debug|x86.ActiveCfg = Debug|Any CPU
		{827C0D96-8647-4D96-9393-E27299309DFC}.Release|Any CPU.ActiveCfg = Release|Any CPU
		{827C0D96-8647-4D96-9393-E27299309DFC}.Release|Any CPU.Build.0 = Release|Any CPU
		{827C0D96-8647-4D96-9393-E27299309DFC}.Release|Mixed Platforms.ActiveCfg = Release|Any CPU
		{827C0D96-8647-4D96-9393-E27299309DFC}.Release|Mixed Platforms.Build.0 = Release|Any CPU
		{827C0D96-8647-4D96-9393-E27299309DFC}.Release|x86.ActiveCfg = Release|Any CPU
		{FA6F18BA-5EC8-4CEC-9725-C99F917940B2}.Debug|Any CPU.ActiveCfg = Debug|Any CPU
		{FA6F18BA-5EC8-4CEC-9725-C99F917940B2}.Debug|Any CPU.Build.0 = Debug|Any CPU
		{FA6F18BA-5EC8-4CEC-9725-C99F917940B2}.Debug|Mixed Platforms.ActiveCfg = Debug|Any CPU
		{FA6F18BA-5EC8-4CEC-9725-C99F917940B2}.Debug|Mixed Platforms.Build.0 = Debug|Any CPU
		{FA6F18BA-5EC8-4CEC-9725-C99F917940B2}.Debug|x86.ActiveCfg = Debug|Any CPU
		{FA6F18BA-5EC8-4CEC-9725-C99F917940B2}.Release|Any CPU.ActiveCfg = Release|Any CPU
		{FA6F18BA-5EC8-4CEC-9725-C99F917940B2}.Release|Any CPU.Build.0 = Release|Any CPU
		{FA6F18BA-5EC8-4CEC-9725-C99F917940B2}.Release|Mixed Platforms.ActiveCfg = Release|Any CPU
		{FA6F18BA-5EC8-4CEC-9725-C99F917940B2}.Release|Mixed Platforms.Build.0 = Release|Any CPU
		{FA6F18BA-5EC8-4CEC-9725-C99F917940B2}.Release|x86.ActiveCfg = Release|Any CPU
		{E44E51B6-2F7E-4AD2-B25F-5C7178A490A1}.Debug|Any CPU.ActiveCfg = Debug
		{E44E51B6-2F7E-4AD2-B25F-5C7178A490A1}.Debug|Mixed Platforms.ActiveCfg = Debug
		{E44E51B6-2F7E-4AD2-B25F-5C7178A490A1}.Debug|x86.ActiveCfg = Debug
		{E44E51B6-2F7E-4AD2-B25F-5C7178A490A1}.Release|Any CPU.ActiveCfg = Release
		{E44E51B6-2F7E-4AD2-B25F-5C7178A490A1}.Release|Mixed Platforms.ActiveCfg = Release
		{E44E51B6-2F7E-4AD2-B25F-5C7178A490A1}.Release|x86.ActiveCfg = Release
		{24A89C00-9135-495D-924C-1617DD11DCB2}.Debug|Any CPU.ActiveCfg = Debug|Any CPU
		{24A89C00-9135-495D-924C-1617DD11DCB2}.Debug|Any CPU.Build.0 = Debug|Any CPU
		{24A89C00-9135-495D-924C-1617DD11DCB2}.Debug|Mixed Platforms.ActiveCfg = Debug|Any CPU
		{24A89C00-9135-495D-924C-1617DD11DCB2}.Debug|Mixed Platforms.Build.0 = Debug|Any CPU
		{24A89C00-9135-495D-924C-1617DD11DCB2}.Debug|x86.ActiveCfg = Debug|Any CPU
		{24A89C00-9135-495D-924C-1617DD11DCB2}.Release|Any CPU.ActiveCfg = Release|Any CPU
		{24A89C00-9135-495D-924C-1617DD11DCB2}.Release|Any CPU.Build.0 = Release|Any CPU
		{24A89C00-9135-495D-924C-1617DD11DCB2}.Release|Mixed Platforms.ActiveCfg = Release|Any CPU
		{24A89C00-9135-495D-924C-1617DD11DCB2}.Release|Mixed Platforms.Build.0 = Release|Any CPU
		{24A89C00-9135-495D-924C-1617DD11DCB2}.Release|x86.ActiveCfg = Release|Any CPU
		{789B7D65-386C-494D-8E8C-0E433A93A4AC}.Debug|Any CPU.ActiveCfg = Debug|x86
		{789B7D65-386C-494D-8E8C-0E433A93A4AC}.Debug|Mixed Platforms.ActiveCfg = Debug|x86
		{789B7D65-386C-494D-8E8C-0E433A93A4AC}.Debug|Mixed Platforms.Build.0 = Debug|x86
		{789B7D65-386C-494D-8E8C-0E433A93A4AC}.Debug|x86.ActiveCfg = Debug|x86
		{789B7D65-386C-494D-8E8C-0E433A93A4AC}.Debug|x86.Build.0 = Debug|x86
		{789B7D65-386C-494D-8E8C-0E433A93A4AC}.Release|Any CPU.ActiveCfg = Release|x86
		{789B7D65-386C-494D-8E8C-0E433A93A4AC}.Release|Mixed Platforms.ActiveCfg = Release|x86
		{789B7D65-386C-494D-8E8C-0E433A93A4AC}.Release|Mixed Platforms.Build.0 = Release|x86
		{789B7D65-386C-494D-8E8C-0E433A93A4AC}.Release|x86.ActiveCfg = Release|x86
		{789B7D65-386C-494D-8E8C-0E433A93A4AC}.Release|x86.Build.0 = Release|x86
	EndGlobalSection
	GlobalSection(SolutionProperties) = preSolution
		HideSolutionNode = FALSE
	EndGlobalSection
	GlobalSection(NestedProjects) = preSolution
		{20FCADD3-099D-4702-BBA1-AEB8C43EA920} = {0E0A8FC1-E794-48BD-B573-F8D8EA1BD962}
		{3A828F88-AB4C-42A9-8D9D-4E400D04A38F} = {0E0A8FC1-E794-48BD-B573-F8D8EA1BD962}
		{94F07960-A013-46AF-BCC3-6E55DD48989E} = {6299B820-D8E9-4BF0-9E89-AB4EC3096ADE}
		{FDF88DAA-6BED-41A1-A1AF-EE259D710C9A} = {6299B820-D8E9-4BF0-9E89-AB4EC3096ADE}
		{70532AD0-F1D5-4787-9E62-E06377C04CC4} = {07FDC2AE-A771-45C6-9CB6-FF778729E805}
		{114925DB-6084-4A5A-9623-A79178085DBC} = {07FDC2AE-A771-45C6-9CB6-FF778729E805}
		{EDEB9080-678C-48DA-9EA5-8E0644AED5A4} = {07FDC2AE-A771-45C6-9CB6-FF778729E805}
		{36028E9A-5CF2-4378-A98E-79DA8C5CC426} = {86A3C78F-03B7-43B5-AF20-9960EAFF4CEB}
		{E8497624-9F29-411B-A917-C2DE3A87661E} = {86A3C78F-03B7-43B5-AF20-9960EAFF4CEB}
		{92CCEAAF-1144-4B4E-A338-2EFEF67C27E5} = {55C75980-A741-446C-BF5F-CCCE9F2F2FE5}
		{543CD7CD-94C9-4D57-8C99-28E52DD60CA8} = {55C75980-A741-446C-BF5F-CCCE9F2F2FE5}
		{AABC1AF8-9B80-429A-9279-B99F30378FFD} = {55C75980-A741-446C-BF5F-CCCE9F2F2FE5}
		{A3972558-F892-47C4-B46D-640DDFB4BAC8} = {55C75980-A741-446C-BF5F-CCCE9F2F2FE5}
		{75AADB27-73F1-4DB5-96E5-714CB43FF5B4} = {55C75980-A741-446C-BF5F-CCCE9F2F2FE5}
		{827C0D96-8647-4D96-9393-E27299309DFC} = {55C75980-A741-446C-BF5F-CCCE9F2F2FE5}
		{789B7D65-386C-494D-8E8C-0E433A93A4AC} = {55C75980-A741-446C-BF5F-CCCE9F2F2FE5}
		{16A178B3-E2A8-45F4-B005-64F1321E6378} = {ABAFEBEF-8859-44AF-9972-1F3C2126E261}
		{9DF369E4-A5DC-467B-BF11-E596332F68D5} = {ABAFEBEF-8859-44AF-9972-1F3C2126E261}
		{638652FC-7DA0-46EE-A742-01F97DF68B43} = {ABAFEBEF-8859-44AF-9972-1F3C2126E261}
		{DFDF38A0-E0DE-46F5-B38C-49EE3FB325C2} = {ABAFEBEF-8859-44AF-9972-1F3C2126E261}
		{FA6F18BA-5EC8-4CEC-9725-C99F917940B2} = {ABAFEBEF-8859-44AF-9972-1F3C2126E261}
	EndGlobalSection
EndGlobal
