
Microsoft Visual Studio Solution File, Format Version 11.00
# Visual Studio 2010
Project("{FAE04EC0-301F-11D3-BF4B-00C04F79EFBC}") = "ShogiCore", "ShogiCore\ShogiCore.csproj", "{FDF88DAA-6BED-41A1-A1AF-EE259D710C9A}"
EndProject
Project("{FAE04EC0-301F-11D3-BF4B-00C04F79EFBC}") = "UnitTests", "UnitTests\UnitTests.csproj", "{94F07960-A013-46AF-BCC3-6E55DD48989E}"
EndProject
Global
	GlobalSection(SolutionConfigurationPlatforms) = preSolution
		Debug|Any CPU = Debug|Any CPU
		Release|Any CPU = Release|Any CPU
	EndGlobalSection
	GlobalSection(ProjectConfigurationPlatforms) = postSolution
		{FDF88DAA-6BED-41A1-A1AF-EE259D710C9A}.Debug|Any CPU.ActiveCfg = Debug|Any CPU
		{FDF88DAA-6BED-41A1-A1AF-EE259D710C9A}.Debug|Any CPU.Build.0 = Debug|Any CPU
		{FDF88DAA-6BED-41A1-A1AF-EE259D710C9A}.Release|Any CPU.ActiveCfg = Release|Any CPU
		{FDF88DAA-6BED-41A1-A1AF-EE259D710C9A}.Release|Any CPU.Build.0 = Release|Any CPU
		{94F07960-A013-46AF-BCC3-6E55DD48989E}.Debug|Any CPU.ActiveCfg = Debug|Any CPU
		{94F07960-A013-46AF-BCC3-6E55DD48989E}.Debug|Any CPU.Build.0 = Debug|Any CPU
		{94F07960-A013-46AF-BCC3-6E55DD48989E}.Release|Any CPU.ActiveCfg = Release|Any CPU
		{94F07960-A013-46AF-BCC3-6E55DD48989E}.Release|Any CPU.Build.0 = Release|Any CPU
	EndGlobalSection
	GlobalSection(SolutionProperties) = preSolution
		HideSolutionNode = FALSE
	EndGlobalSection
EndGlobal
