
Microsoft Visual Studio Solution File, Format Version 11.00
# Visual Studio 2010
Project("{FAE04EC0-301F-11D3-BF4B-00C04F79EFBC}") = "Chess", "Chess\Chess.csproj", "{6669AB8F-D304-44B7-9BD6-CA946B59E70C}"
EndProject
Project("{FAE04EC0-301F-11D3-BF4B-00C04F79EFBC}") = "UniTests", "UniTests\UniTests.csproj", "{4728F3C8-7A93-4F23-A4D7-1EBA5D5AECB3}"
EndProject
Project("{2150E333-8FDC-42A3-9474-1A3956D46DE8}") = "Solution Items", "Solution Items", "{6FEB8D13-21F6-4A0B-8955-D5CA4117BD56}"
	ProjectSection(SolutionItems) = preProject
		Chess.vsmdi = Chess.vsmdi
		Local.testsettings = Local.testsettings
		TraceAndTestImpact.testsettings = TraceAndTestImpact.testsettings
	EndProjectSection
EndProject
Project("{FAE04EC0-301F-11D3-BF4B-00C04F79EFBC}") = "BoardPanelTestStand", "TestStands\BoardPanelTestStand\BoardPanelTestStand.csproj", "{B5669BE0-1D24-413B-B008-F3F5064F793E}"
EndProject
Global
	GlobalSection(TestCaseManagementSettings) = postSolution
		CategoryFile = Chess.vsmdi
	EndGlobalSection
	GlobalSection(SolutionConfigurationPlatforms) = preSolution
		Debug|Any CPU = Debug|Any CPU
		Debug|Mixed Platforms = Debug|Mixed Platforms
		Debug|x86 = Debug|x86
		Release|Any CPU = Release|Any CPU
		Release|Mixed Platforms = Release|Mixed Platforms
		Release|x86 = Release|x86
	EndGlobalSection
	GlobalSection(ProjectConfigurationPlatforms) = postSolution
		{6669AB8F-D304-44B7-9BD6-CA946B59E70C}.Debug|Any CPU.ActiveCfg = Debug|x86
		{6669AB8F-D304-44B7-9BD6-CA946B59E70C}.Debug|Mixed Platforms.ActiveCfg = Debug|x86
		{6669AB8F-D304-44B7-9BD6-CA946B59E70C}.Debug|Mixed Platforms.Build.0 = Debug|x86
		{6669AB8F-D304-44B7-9BD6-CA946B59E70C}.Debug|x86.ActiveCfg = Debug|x86
		{6669AB8F-D304-44B7-9BD6-CA946B59E70C}.Debug|x86.Build.0 = Debug|x86
		{6669AB8F-D304-44B7-9BD6-CA946B59E70C}.Release|Any CPU.ActiveCfg = Release|x86
		{6669AB8F-D304-44B7-9BD6-CA946B59E70C}.Release|Mixed Platforms.ActiveCfg = Release|x86
		{6669AB8F-D304-44B7-9BD6-CA946B59E70C}.Release|Mixed Platforms.Build.0 = Release|x86
		{6669AB8F-D304-44B7-9BD6-CA946B59E70C}.Release|x86.ActiveCfg = Release|x86
		{6669AB8F-D304-44B7-9BD6-CA946B59E70C}.Release|x86.Build.0 = Release|x86
		{4728F3C8-7A93-4F23-A4D7-1EBA5D5AECB3}.Debug|Any CPU.ActiveCfg = Debug|Any CPU
		{4728F3C8-7A93-4F23-A4D7-1EBA5D5AECB3}.Debug|Any CPU.Build.0 = Debug|Any CPU
		{4728F3C8-7A93-4F23-A4D7-1EBA5D5AECB3}.Debug|Mixed Platforms.ActiveCfg = Debug|Any CPU
		{4728F3C8-7A93-4F23-A4D7-1EBA5D5AECB3}.Debug|Mixed Platforms.Build.0 = Debug|Any CPU
		{4728F3C8-7A93-4F23-A4D7-1EBA5D5AECB3}.Debug|x86.ActiveCfg = Debug|Any CPU
		{4728F3C8-7A93-4F23-A4D7-1EBA5D5AECB3}.Release|Any CPU.ActiveCfg = Release|Any CPU
		{4728F3C8-7A93-4F23-A4D7-1EBA5D5AECB3}.Release|Any CPU.Build.0 = Release|Any CPU
		{4728F3C8-7A93-4F23-A4D7-1EBA5D5AECB3}.Release|Mixed Platforms.ActiveCfg = Release|Any CPU
		{4728F3C8-7A93-4F23-A4D7-1EBA5D5AECB3}.Release|Mixed Platforms.Build.0 = Release|Any CPU
		{4728F3C8-7A93-4F23-A4D7-1EBA5D5AECB3}.Release|x86.ActiveCfg = Release|Any CPU
		{B5669BE0-1D24-413B-B008-F3F5064F793E}.Debug|Any CPU.ActiveCfg = Debug|x86
		{B5669BE0-1D24-413B-B008-F3F5064F793E}.Debug|Mixed Platforms.ActiveCfg = Debug|x86
		{B5669BE0-1D24-413B-B008-F3F5064F793E}.Debug|Mixed Platforms.Build.0 = Debug|x86
		{B5669BE0-1D24-413B-B008-F3F5064F793E}.Debug|x86.ActiveCfg = Debug|x86
		{B5669BE0-1D24-413B-B008-F3F5064F793E}.Debug|x86.Build.0 = Debug|x86
		{B5669BE0-1D24-413B-B008-F3F5064F793E}.Release|Any CPU.ActiveCfg = Release|x86
		{B5669BE0-1D24-413B-B008-F3F5064F793E}.Release|Mixed Platforms.ActiveCfg = Release|x86
		{B5669BE0-1D24-413B-B008-F3F5064F793E}.Release|Mixed Platforms.Build.0 = Release|x86
		{B5669BE0-1D24-413B-B008-F3F5064F793E}.Release|x86.ActiveCfg = Release|x86
		{B5669BE0-1D24-413B-B008-F3F5064F793E}.Release|x86.Build.0 = Release|x86
	EndGlobalSection
	GlobalSection(SolutionProperties) = preSolution
		HideSolutionNode = FALSE
	EndGlobalSection
EndGlobal
